
Microsoft Visual Studio Solution File, Format Version 11.00
# Visual Studio 2010
Project("{FAE04EC0-301F-11D3-BF4B-00C04F79EFBC}") = "TDDConsole", "TDDConsole.csproj", "{C1BE4A79-A99E-4CBD-94C6-74F9614292C7}"
EndProject
Project("{FAE04EC0-301F-11D3-BF4B-00C04F79EFBC}") = "TDDTest", "..\TDDTest\TDDTest.csproj", "{BF893A7F-4465-4E0C-BE9E-5F8FBEB69B53}"
EndProject
Project("{2150E333-8FDC-42A3-9474-1A3956D46DE8}") = "Solution Items", "Solution Items", "{33FBDEEE-AFA9-418D-9B90-B7102AA2442F}"
	ProjectSection(SolutionItems) = preProject
		Local.testsettings = Local.testsettings
		TDDConsole.vsmdi = TDDConsole.vsmdi
		TraceAndTestImpact.testsettings = TraceAndTestImpact.testsettings
	EndProjectSection
EndProject
Project("{FAE04EC0-301F-11D3-BF4B-00C04F79EFBC}") = "TDDLib", "..\TDDLib\TDDLib.csproj", "{4D100B86-F0E9-43DB-A811-F795A3E9CB9B}"
EndProject
Global
	GlobalSection(TestCaseManagementSettings) = postSolution
		CategoryFile = TDDConsole.vsmdi
	EndGlobalSection
	GlobalSection(SolutionConfigurationPlatforms) = preSolution
		Debug|Any CPU = Debug|Any CPU
		Debug|Mixed Platforms = Debug|Mixed Platforms
		Debug|x86 = Debug|x86
		Release|Any CPU = Release|Any CPU
		Release|Mixed Platforms = Release|Mixed Platforms
		Release|x86 = Release|x86
	EndGlobalSection
	GlobalSection(ProjectConfigurationPlatforms) = postSolution
		{C1BE4A79-A99E-4CBD-94C6-74F9614292C7}.Debug|Any CPU.ActiveCfg = Debug|x86
		{C1BE4A79-A99E-4CBD-94C6-74F9614292C7}.Debug|Mixed Platforms.ActiveCfg = Debug|x86
		{C1BE4A79-A99E-4CBD-94C6-74F9614292C7}.Debug|Mixed Platforms.Build.0 = Debug|x86
		{C1BE4A79-A99E-4CBD-94C6-74F9614292C7}.Debug|x86.ActiveCfg = Debug|x86
		{C1BE4A79-A99E-4CBD-94C6-74F9614292C7}.Debug|x86.Build.0 = Debug|x86
		{C1BE4A79-A99E-4CBD-94C6-74F9614292C7}.Release|Any CPU.ActiveCfg = Release|x86
		{C1BE4A79-A99E-4CBD-94C6-74F9614292C7}.Release|Mixed Platforms.ActiveCfg = Release|x86
		{C1BE4A79-A99E-4CBD-94C6-74F9614292C7}.Release|Mixed Platforms.Build.0 = Release|x86
		{C1BE4A79-A99E-4CBD-94C6-74F9614292C7}.Release|x86.ActiveCfg = Release|x86
		{C1BE4A79-A99E-4CBD-94C6-74F9614292C7}.Release|x86.Build.0 = Release|x86
		{BF893A7F-4465-4E0C-BE9E-5F8FBEB69B53}.Debug|Any CPU.ActiveCfg = Debug|Any CPU
		{BF893A7F-4465-4E0C-BE9E-5F8FBEB69B53}.Debug|Any CPU.Build.0 = Debug|Any CPU
		{BF893A7F-4465-4E0C-BE9E-5F8FBEB69B53}.Debug|Mixed Platforms.ActiveCfg = Debug|Any CPU
		{BF893A7F-4465-4E0C-BE9E-5F8FBEB69B53}.Debug|Mixed Platforms.Build.0 = Debug|Any CPU
		{BF893A7F-4465-4E0C-BE9E-5F8FBEB69B53}.Debug|x86.ActiveCfg = Debug|Any CPU
		{BF893A7F-4465-4E0C-BE9E-5F8FBEB69B53}.Release|Any CPU.ActiveCfg = Release|Any CPU
		{BF893A7F-4465-4E0C-BE9E-5F8FBEB69B53}.Release|Any CPU.Build.0 = Release|Any CPU
		{BF893A7F-4465-4E0C-BE9E-5F8FBEB69B53}.Release|Mixed Platforms.ActiveCfg = Release|Any CPU
		{BF893A7F-4465-4E0C-BE9E-5F8FBEB69B53}.Release|Mixed Platforms.Build.0 = Release|Any CPU
		{BF893A7F-4465-4E0C-BE9E-5F8FBEB69B53}.Release|x86.ActiveCfg = Release|Any CPU
		{4D100B86-F0E9-43DB-A811-F795A3E9CB9B}.Debug|Any CPU.ActiveCfg = Debug|Any CPU
		{4D100B86-F0E9-43DB-A811-F795A3E9CB9B}.Debug|Any CPU.Build.0 = Debug|Any CPU
		{4D100B86-F0E9-43DB-A811-F795A3E9CB9B}.Debug|Mixed Platforms.ActiveCfg = Debug|Any CPU
		{4D100B86-F0E9-43DB-A811-F795A3E9CB9B}.Debug|Mixed Platforms.Build.0 = Debug|Any CPU
		{4D100B86-F0E9-43DB-A811-F795A3E9CB9B}.Debug|x86.ActiveCfg = Debug|Any CPU
		{4D100B86-F0E9-43DB-A811-F795A3E9CB9B}.Release|Any CPU.ActiveCfg = Release|Any CPU
		{4D100B86-F0E9-43DB-A811-F795A3E9CB9B}.Release|Any CPU.Build.0 = Release|Any CPU
		{4D100B86-F0E9-43DB-A811-F795A3E9CB9B}.Release|Mixed Platforms.ActiveCfg = Release|Any CPU
		{4D100B86-F0E9-43DB-A811-F795A3E9CB9B}.Release|Mixed Platforms.Build.0 = Release|Any CPU
		{4D100B86-F0E9-43DB-A811-F795A3E9CB9B}.Release|x86.ActiveCfg = Release|Any CPU
	EndGlobalSection
	GlobalSection(SolutionProperties) = preSolution
		HideSolutionNode = FALSE
	EndGlobalSection
EndGlobal
